<Solution>
  <Project Path="backend/services/BillingMaintenanceService/BillingMaintenanceService.csproj" />
  <Project Path="backend/services/Gateway/Gateway.csproj" Id="5a2c10e1-0885-48f5-b874-3b50b2573fd9" />
  <Project Path="backend/services/RoomBuildingService/RoomBuildingService.csproj" />
  <Project Path="backend/services/StudentContractService/StudentContractService.csproj" />
  <Project Path="DMS.Shared/DMS.Shared.csproj" Id="5d4c4658-7e1b-449f-b004-98c93ee66db1" />
</Solution>